// !$*UTF8*$!
{
	archiveVersion = 1;
	classes = {
	};
	objectVersion = 56;
	objects = {

/* Begin PBXBuildFile section */
		DBF548732930D85B00F039F2 /* WatchAppApp.swift in Sources */ = {isa = PBXBuildFile; fileRef = DBF548722930D85B00F039F2 /* WatchAppApp.swift */; };
		DBF548752930D85B00F039F2 /* ContentView.swift in Sources */ = {isa = PBXBuildFile; fileRef = DBF548742930D85B00F039F2 /* ContentView.swift */; };
		DBF548772930D85B00F039F2 /* Assets.xcassets in Resources */ = {isa = PBXBuildFile; fileRef = DBF548762930D85B00F039F2 /* Assets.xcassets */; };
		DBF5487A2930D85B00F039F2 /* Preview Assets.xcassets in Resources */ = {isa = PBXBuildFile; fileRef = DBF548792930D85B00F039F2 /* Preview Assets.xcassets */; };
		DBF548842930D85C00F039F2 /* WatchAppTests.swift in Sources */ = {isa = PBXBuildFile; fileRef = DBF548832930D85C00F039F2 /* WatchAppTests.swift */; };
		DBF5488E2930D85C00F039F2 /* WatchAppUITests.swift in Sources */ = {isa = PBXBuildFile; fileRef = DBF5488D2930D85C00F039F2 /* WatchAppUITests.swift */; };
		DBF548902930D85C00F039F2 /* WatchAppUITestsLaunchTests.swift in Sources */ = {isa = PBXBuildFile; fileRef = DBF5488F2930D85C00F039F2 /* WatchAppUITestsLaunchTests.swift */; };
		DBF548962930D85C00F039F2 /* WatchApp Watch App.app in Embed Watch Content */ = {isa = PBXBuildFile; fileRef = DBF548952930D85C00F039F2 /* WatchApp Watch App.app */; settings = {ATTRIBUTES = (RemoveHeadersOnCopy, ); }; };
		DBF5489B2930D85C00F039F2 /* WatchAppApp.swift in Sources */ = {isa = PBXBuildFile; fileRef = DBF5489A2930D85C00F039F2 /* WatchAppApp.swift */; };
		DBF5489D2930D85C00F039F2 /* ContentView.swift in Sources */ = {isa = PBXBuildFile; fileRef = DBF5489C2930D85C00F039F2 /* ContentView.swift */; };
		DBF5489F2930D85C00F039F2 /* Assets.xcassets in Resources */ = {isa = PBXBuildFile; fileRef = DBF5489E2930D85C00F039F2 /* Assets.xcassets */; };
		DBF548A22930D85C00F039F2 /* Preview Assets.xcassets in Resources */ = {isa = PBXBuildFile; fileRef = DBF548A12930D85C00F039F2 /* Preview Assets.xcassets */; };
		DBF548AC2930D85C00F039F2 /* WatchApp_Watch_AppTests.swift in Sources */ = {isa = PBXBuildFile; fileRef = DBF548AB2930D85C00F039F2 /* WatchApp_Watch_AppTests.swift */; };
		DBF548B62930D85C00F039F2 /* WatchApp_Watch_AppUITests.swift in Sources */ = {isa = PBXBuildFile; fileRef = DBF548B52930D85C00F039F2 /* WatchApp_Watch_AppUITests.swift */; };
		DBF548B82930D85C00F039F2 /* WatchApp_Watch_AppUITestsLaunchTests.swift in Sources */ = {isa = PBXBuildFile; fileRef = DBF548B72930D85C00F039F2 /* WatchApp_Watch_AppUITestsLaunchTests.swift */; };
/* End PBXBuildFile section */

/* Begin PBXContainerItemProxy section */
		DBF548802930D85C00F039F2 /* PBXContainerItemProxy */ = {
			isa = PBXContainerItemProxy;
			containerPortal = DBF548672930D85B00F039F2 /* Project object */;
			proxyType = 1;
			remoteGlobalIDString = DBF5486E2930D85B00F039F2;
			remoteInfo = WatchApp;
		};
		DBF5488A2930D85C00F039F2 /* PBXContainerItemProxy */ = {
			isa = PBXContainerItemProxy;
			containerPortal = DBF548672930D85B00F039F2 /* Project object */;
			proxyType = 1;
			remoteGlobalIDString = DBF5486E2930D85B00F039F2;
			remoteInfo = WatchApp;
		};
		DBF548972930D85C00F039F2 /* PBXContainerItemProxy */ = {
			isa = PBXContainerItemProxy;
			containerPortal = DBF548672930D85B00F039F2 /* Project object */;
			proxyType = 1;
			remoteGlobalIDString = DBF548942930D85C00F039F2;
			remoteInfo = "WatchApp Watch App";
		};
		DBF548A82930D85C00F039F2 /* PBXContainerItemProxy */ = {
			isa = PBXContainerItemProxy;
			containerPortal = DBF548672930D85B00F039F2 /* Project object */;
			proxyType = 1;
			remoteGlobalIDString = DBF548942930D85C00F039F2;
			remoteInfo = "WatchApp Watch App";
		};
		DBF548B22930D85C00F039F2 /* PBXContainerItemProxy */ = {
			isa = PBXContainerItemProxy;
			containerPortal = DBF548672930D85B00F039F2 /* Project object */;
			proxyType = 1;
			remoteGlobalIDString = DBF548942930D85C00F039F2;
			remoteInfo = "WatchApp Watch App";
		};
/* End PBXContainerItemProxy section */

/* Begin PBXCopyFilesBuildPhase section */
		DBF548BE2930D85C00F039F2 /* Embed Watch Content */ = {
			isa = PBXCopyFilesBuildPhase;
			buildActionMask = 2147483647;
			dstPath = "$(CONTENTS_FOLDER_PATH)/Watch";
			dstSubfolderSpec = 16;
			files = (
				DBF548962930D85C00F039F2 /* WatchApp Watch App.app in Embed Watch Content */,
			);
			name = "Embed Watch Content";
			runOnlyForDeploymentPostprocessing = 0;
		};
/* End PBXCopyFilesBuildPhase section */

/* Begin PBXFileReference section */
		DBF5486F2930D85B00F039F2 /* WatchApp.app */ = {isa = PBXFileReference; explicitFileType = wrapper.application; includeInIndex = 0; path = WatchApp.app; sourceTree = BUILT_PRODUCTS_DIR; };
		DBF548722930D85B00F039F2 /* WatchAppApp.swift */ = {isa = PBXFileReference; lastKnownFileType = sourcecode.swift; path = WatchAppApp.swift; sourceTree = "<group>"; };
		DBF548742930D85B00F039F2 /* ContentView.swift */ = {isa = PBXFileReference; lastKnownFileType = sourcecode.swift; path = ContentView.swift; sourceTree = "<group>"; };
		DBF548762930D85B00F039F2 /* Assets.xcassets */ = {isa = PBXFileReference; lastKnownFileType = folder.assetcatalog; path = Assets.xcassets; sourceTree = "<group>"; };
		DBF548792930D85B00F039F2 /* Preview Assets.xcassets */ = {isa = PBXFileReference; lastKnownFileType = folder.assetcatalog; path = "Preview Assets.xcassets"; sourceTree = "<group>"; };
		DBF5487F2930D85C00F039F2 /* WatchAppTests.xctest */ = {isa = PBXFileReference; explicitFileType = wrapper.cfbundle; includeInIndex = 0; path = WatchAppTests.xctest; sourceTree = BUILT_PRODUCTS_DIR; };
		DBF548832930D85C00F039F2 /* WatchAppTests.swift */ = {isa = PBXFileReference; lastKnownFileType = sourcecode.swift; path = WatchAppTests.swift; sourceTree = "<group>"; };
		DBF548892930D85C00F039F2 /* WatchAppUITests.xctest */ = {isa = PBXFileReference; explicitFileType = wrapper.cfbundle; includeInIndex = 0; path = WatchAppUITests.xctest; sourceTree = BUILT_PRODUCTS_DIR; };
		DBF5488D2930D85C00F039F2 /* WatchAppUITests.swift */ = {isa = PBXFileReference; lastKnownFileType = sourcecode.swift; path = WatchAppUITests.swift; sourceTree = "<group>"; };
		DBF5488F2930D85C00F039F2 /* WatchAppUITestsLaunchTests.swift */ = {isa = PBXFileReference; lastKnownFileType = sourcecode.swift; path = WatchAppUITestsLaunchTests.swift; sourceTree = "<group>"; };
		DBF548952930D85C00F039F2 /* WatchApp Watch App.app */ = {isa = PBXFileReference; explicitFileType = wrapper.application; includeInIndex = 0; path = "WatchApp Watch App.app"; sourceTree = BUILT_PRODUCTS_DIR; };
		DBF5489A2930D85C00F039F2 /* WatchAppApp.swift */ = {isa = PBXFileReference; lastKnownFileType = sourcecode.swift; path = WatchAppApp.swift; sourceTree = "<group>"; };
		DBF5489C2930D85C00F039F2 /* ContentView.swift */ = {isa = PBXFileReference; lastKnownFileType = sourcecode.swift; path = ContentView.swift; sourceTree = "<group>"; };
		DBF5489E2930D85C00F039F2 /* Assets.xcassets */ = {isa = PBXFileReference; lastKnownFileType = folder.assetcatalog; path = Assets.xcassets; sourceTree = "<group>"; };
		DBF548A12930D85C00F039F2 /* Preview Assets.xcassets */ = {isa = PBXFileReference; lastKnownFileType = folder.assetcatalog; path = "Preview Assets.xcassets"; sourceTree = "<group>"; };
		DBF548A72930D85C00F039F2 /* WatchApp Watch AppTests.xctest */ = {isa = PBXFileReference; explicitFileType = wrapper.cfbundle; includeInIndex = 0; path = "WatchApp Watch AppTests.xctest"; sourceTree = BUILT_PRODUCTS_DIR; };
		DBF548AB2930D85C00F039F2 /* WatchApp_Watch_AppTests.swift */ = {isa = PBXFileReference; lastKnownFileType = sourcecode.swift; path = WatchApp_Watch_AppTests.swift; sourceTree = "<group>"; };
		DBF548B12930D85C00F039F2 /* WatchApp Watch AppUITests.xctest */ = {isa = PBXFileReference; explicitFileType = wrapper.cfbundle; includeInIndex = 0; path = "WatchApp Watch AppUITests.xctest"; sourceTree = BUILT_PRODUCTS_DIR; };
		DBF548B52930D85C00F039F2 /* WatchApp_Watch_AppUITests.swift */ = {isa = PBXFileReference; lastKnownFileType = sourcecode.swift; path = WatchApp_Watch_AppUITests.swift; sourceTree = "<group>"; };
		DBF548B72930D85C00F039F2 /* WatchApp_Watch_AppUITestsLaunchTests.swift */ = {isa = PBXFileReference; lastKnownFileType = sourcecode.swift; path = WatchApp_Watch_AppUITestsLaunchTests.swift; sourceTree = "<group>"; };
/* End PBXFileReference section */

/* Begin PBXFrameworksBuildPhase section */
		DBF5486C2930D85B00F039F2 /* Frameworks */ = {
			isa = PBXFrameworksBuildPhase;
			buildActionMask = 2147483647;
			files = (
			);
			runOnlyForDeploymentPostprocessing = 0;
		};
		DBF5487C2930D85C00F039F2 /* Frameworks */ = {
			isa = PBXFrameworksBuildPhase;
			buildActionMask = 2147483647;
			files = (
			);
			runOnlyForDeploymentPostprocessing = 0;
		};
		DBF548862930D85C00F039F2 /* Frameworks */ = {
			isa = PBXFrameworksBuildPhase;
			buildActionMask = 2147483647;
			files = (
			);
			runOnlyForDeploymentPostprocessing = 0;
		};
		DBF548922930D85C00F039F2 /* Frameworks */ = {
			isa = PBXFrameworksBuildPhase;
			buildActionMask = 2147483647;
			files = (
			);
			runOnlyForDeploymentPostprocessing = 0;
		};
		DBF548A42930D85C00F039F2 /* Frameworks */ = {
			isa = PBXFrameworksBuildPhase;
			buildActionMask = 2147483647;
			files = (
			);
			runOnlyForDeploymentPostprocessing = 0;
		};
		DBF548AE2930D85C00F039F2 /* Frameworks */ = {
			isa = PBXFrameworksBuildPhase;
			buildActionMask = 2147483647;
			files = (
			);
			runOnlyForDeploymentPostprocessing = 0;
		};
/* End PBXFrameworksBuildPhase section */

/* Begin PBXGroup section */
		DBF548662930D85B00F039F2 = {
			isa = PBXGroup;
			children = (
				DBF548712930D85B00F039F2 /* WatchApp */,
				DBF548822930D85C00F039F2 /* WatchAppTests */,
				DBF5488C2930D85C00F039F2 /* WatchAppUITests */,
				DBF548992930D85C00F039F2 /* WatchApp Watch App */,
				DBF548AA2930D85C00F039F2 /* WatchApp Watch AppTests */,
				DBF548B42930D85C00F039F2 /* WatchApp Watch AppUITests */,
				DBF548702930D85B00F039F2 /* Products */,
			);
			sourceTree = "<group>";
		};
		DBF548702930D85B00F039F2 /* Products */ = {
			isa = PBXGroup;
			children = (
				DBF5486F2930D85B00F039F2 /* WatchApp.app */,
				DBF5487F2930D85C00F039F2 /* WatchAppTests.xctest */,
				DBF548892930D85C00F039F2 /* WatchAppUITests.xctest */,
				DBF548952930D85C00F039F2 /* WatchApp Watch App.app */,
				DBF548A72930D85C00F039F2 /* WatchApp Watch AppTests.xctest */,
				DBF548B12930D85C00F039F2 /* WatchApp Watch AppUITests.xctest */,
			);
			name = Products;
			sourceTree = "<group>";
		};
		DBF548712930D85B00F039F2 /* WatchApp */ = {
			isa = PBXGroup;
			children = (
				DBF548722930D85B00F039F2 /* WatchAppApp.swift */,
				DBF548742930D85B00F039F2 /* ContentView.swift */,
				DBF548762930D85B00F039F2 /* Assets.xcassets */,
				DBF548782930D85B00F039F2 /* Preview Content */,
			);
			path = WatchApp;
			sourceTree = "<group>";
		};
		DBF548782930D85B00F039F2 /* Preview Content */ = {
			isa = PBXGroup;
			children = (
				DBF548792930D85B00F039F2 /* Preview Assets.xcassets */,
			);
			path = "Preview Content";
			sourceTree = "<group>";
		};
		DBF548822930D85C00F039F2 /* WatchAppTests */ = {
			isa = PBXGroup;
			children = (
				DBF548832930D85C00F039F2 /* WatchAppTests.swift */,
			);
			path = WatchAppTests;
			sourceTree = "<group>";
		};
		DBF5488C2930D85C00F039F2 /* WatchAppUITests */ = {
			isa = PBXGroup;
			children = (
				DBF5488D2930D85C00F039F2 /* WatchAppUITests.swift */,
				DBF5488F2930D85C00F039F2 /* WatchAppUITestsLaunchTests.swift */,
			);
			path = WatchAppUITests;
			sourceTree = "<group>";
		};
		DBF548992930D85C00F039F2 /* WatchApp Watch App */ = {
			isa = PBXGroup;
			children = (
				DBF5489A2930D85C00F039F2 /* WatchAppApp.swift */,
				DBF5489C2930D85C00F039F2 /* ContentView.swift */,
				DBF5489E2930D85C00F039F2 /* Assets.xcassets */,
				DBF548A02930D85C00F039F2 /* Preview Content */,
			);
			path = "WatchApp Watch App";
			sourceTree = "<group>";
		};
		DBF548A02930D85C00F039F2 /* Preview Content */ = {
			isa = PBXGroup;
			children = (
				DBF548A12930D85C00F039F2 /* Preview Assets.xcassets */,
			);
			path = "Preview Content";
			sourceTree = "<group>";
		};
		DBF548AA2930D85C00F039F2 /* WatchApp Watch AppTests */ = {
			isa = PBXGroup;
			children = (
				DBF548AB2930D85C00F039F2 /* WatchApp_Watch_AppTests.swift */,
			);
			path = "WatchApp Watch AppTests";
			sourceTree = "<group>";
		};
		DBF548B42930D85C00F039F2 /* WatchApp Watch AppUITests */ = {
			isa = PBXGroup;
			children = (
				DBF548B52930D85C00F039F2 /* WatchApp_Watch_AppUITests.swift */,
				DBF548B72930D85C00F039F2 /* WatchApp_Watch_AppUITestsLaunchTests.swift */,
			);
			path = "WatchApp Watch AppUITests";
			sourceTree = "<group>";
		};
/* End PBXGroup section */

/* Begin PBXNativeTarget section */
		DBF5486E2930D85B00F039F2 /* WatchApp */ = {
			isa = PBXNativeTarget;
			buildConfigurationList = DBF548BF2930D85C00F039F2 /* Build configuration list for PBXNativeTarget "WatchApp" */;
			buildPhases = (
				DBF5486B2930D85B00F039F2 /* Sources */,
				DBF5486C2930D85B00F039F2 /* Frameworks */,
				DBF5486D2930D85B00F039F2 /* Resources */,
				DBF548BE2930D85C00F039F2 /* Embed Watch Content */,
			);
			buildRules = (
			);
			dependencies = (
				DBF548982930D85C00F039F2 /* PBXTargetDependency */,
			);
			name = WatchApp;
			productName = WatchApp;
			productReference = DBF5486F2930D85B00F039F2 /* WatchApp.app */;
			productType = "com.apple.product-type.application";
		};
		DBF5487E2930D85C00F039F2 /* WatchAppTests */ = {
			isa = PBXNativeTarget;
			buildConfigurationList = DBF548C22930D85C00F039F2 /* Build configuration list for PBXNativeTarget "WatchAppTests" */;
			buildPhases = (
				DBF5487B2930D85C00F039F2 /* Sources */,
				DBF5487C2930D85C00F039F2 /* Frameworks */,
				DBF5487D2930D85C00F039F2 /* Resources */,
			);
			buildRules = (
			);
			dependencies = (
				DBF548812930D85C00F039F2 /* PBXTargetDependency */,
			);
			name = WatchAppTests;
			productName = WatchAppTests;
			productReference = DBF5487F2930D85C00F039F2 /* WatchAppTests.xctest */;
			productType = "com.apple.product-type.bundle.unit-test";
		};
		DBF548882930D85C00F039F2 /* WatchAppUITests */ = {
			isa = PBXNativeTarget;
			buildConfigurationList = DBF548C52930D85C00F039F2 /* Build configuration list for PBXNativeTarget "WatchAppUITests" */;
			buildPhases = (
				DBF548852930D85C00F039F2 /* Sources */,
				DBF548862930D85C00F039F2 /* Frameworks */,
				DBF548872930D85C00F039F2 /* Resources */,
			);
			buildRules = (
			);
			dependencies = (
				DBF5488B2930D85C00F039F2 /* PBXTargetDependency */,
			);
			name = WatchAppUITests;
			productName = WatchAppUITests;
			productReference = DBF548892930D85C00F039F2 /* WatchAppUITests.xctest */;
			productType = "com.apple.product-type.bundle.ui-testing";
		};
		DBF548942930D85C00F039F2 /* WatchApp Watch App */ = {
			isa = PBXNativeTarget;
			buildConfigurationList = DBF548BB2930D85C00F039F2 /* Build configuration list for PBXNativeTarget "WatchApp Watch App" */;
			buildPhases = (
				DBF548912930D85C00F039F2 /* Sources */,
				DBF548922930D85C00F039F2 /* Frameworks */,
				DBF548932930D85C00F039F2 /* Resources */,
			);
			buildRules = (
			);
			dependencies = (
			);
			name = "WatchApp Watch App";
			productName = "WatchApp Watch App";
			productReference = DBF548952930D85C00F039F2 /* WatchApp Watch App.app */;
			productType = "com.apple.product-type.application";
		};
		DBF548A62930D85C00F039F2 /* WatchApp Watch AppTests */ = {
			isa = PBXNativeTarget;
			buildConfigurationList = DBF548C82930D85C00F039F2 /* Build configuration list for PBXNativeTarget "WatchApp Watch AppTests" */;
			buildPhases = (
				DBF548A32930D85C00F039F2 /* Sources */,
				DBF548A42930D85C00F039F2 /* Frameworks */,
				DBF548A52930D85C00F039F2 /* Resources */,
			);
			buildRules = (
			);
			dependencies = (
				DBF548A92930D85C00F039F2 /* PBXTargetDependency */,
			);
			name = "WatchApp Watch AppTests";
			productName = "WatchApp Watch AppTests";
			productReference = DBF548A72930D85C00F039F2 /* WatchApp Watch AppTests.xctest */;
			productType = "com.apple.product-type.bundle.unit-test";
		};
		DBF548B02930D85C00F039F2 /* WatchApp Watch AppUITests */ = {
			isa = PBXNativeTarget;
			buildConfigurationList = DBF548CB2930D85C00F039F2 /* Build configuration list for PBXNativeTarget "WatchApp Watch AppUITests" */;
			buildPhases = (
				DBF548AD2930D85C00F039F2 /* Sources */,
				DBF548AE2930D85C00F039F2 /* Frameworks */,
				DBF548AF2930D85C00F039F2 /* Resources */,
			);
			buildRules = (
			);
			dependencies = (
				DBF548B32930D85C00F039F2 /* PBXTargetDependency */,
			);
			name = "WatchApp Watch AppUITests";
			productName = "WatchApp Watch AppUITests";
			productReference = DBF548B12930D85C00F039F2 /* WatchApp Watch AppUITests.xctest */;
			productType = "com.apple.product-type.bundle.ui-testing";
		};
/* End PBXNativeTarget section */

/* Begin PBXProject section */
		DBF548672930D85B00F039F2 /* Project object */ = {
			isa = PBXProject;
			attributes = {
				BuildIndependentTargetsInParallel = 1;
				LastSwiftUpdateCheck = 1410;
				LastUpgradeCheck = 1410;
				TargetAttributes = {
					DBF5486E2930D85B00F039F2 = {
						CreatedOnToolsVersion = 14.1;
					};
					DBF5487E2930D85C00F039F2 = {
						CreatedOnToolsVersion = 14.1;
						TestTargetID = DBF5486E2930D85B00F039F2;
					};
					DBF548882930D85C00F039F2 = {
						CreatedOnToolsVersion = 14.1;
						TestTargetID = DBF5486E2930D85B00F039F2;
					};
					DBF548942930D85C00F039F2 = {
						CreatedOnToolsVersion = 14.1;
					};
					DBF548A62930D85C00F039F2 = {
						CreatedOnToolsVersion = 14.1;
						TestTargetID = DBF548942930D85C00F039F2;
					};
					DBF548B02930D85C00F039F2 = {
						CreatedOnToolsVersion = 14.1;
						TestTargetID = DBF548942930D85C00F039F2;
					};
				};
			};
			buildConfigurationList = DBF5486A2930D85B00F039F2 /* Build configuration list for PBXProject "WatchApp" */;
			compatibilityVersion = "Xcode 14.0";
			developmentRegion = en;
			hasScannedForEncodings = 0;
			knownRegions = (
				en,
				Base,
			);
			mainGroup = DBF548662930D85B00F039F2;
			productRefGroup = DBF548702930D85B00F039F2 /* Products */;
			projectDirPath = "";
			projectRoot = "";
			targets = (
				DBF5486E2930D85B00F039F2 /* WatchApp */,
				DBF5487E2930D85C00F039F2 /* WatchAppTests */,
				DBF548882930D85C00F039F2 /* WatchAppUITests */,
				DBF548942930D85C00F039F2 /* WatchApp Watch App */,
				DBF548A62930D85C00F039F2 /* WatchApp Watch AppTests */,
				DBF548B02930D85C00F039F2 /* WatchApp Watch AppUITests */,
			);
		};
/* End PBXProject section */

/* Begin PBXResourcesBuildPhase section */
		DBF5486D2930D85B00F039F2 /* Resources */ = {
			isa = PBXResourcesBuildPhase;
			buildActionMask = 2147483647;
			files = (
				DBF5487A2930D85B00F039F2 /* Preview Assets.xcassets in Resources */,
				DBF548772930D85B00F039F2 /* Assets.xcassets in Resources */,
			);
			runOnlyForDeploymentPostprocessing = 0;
		};
		DBF5487D2930D85C00F039F2 /* Resources */ = {
			isa = PBXResourcesBuildPhase;
			buildActionMask = 2147483647;
			files = (
			);
			runOnlyForDeploymentPostprocessing = 0;
		};
		DBF548872930D85C00F039F2 /* Resources */ = {
			isa = PBXResourcesBuildPhase;
			buildActionMask = 2147483647;
			files = (
			);
			runOnlyForDeploymentPostprocessing = 0;
		};
		DBF548932930D85C00F039F2 /* Resources */ = {
			isa = PBXResourcesBuildPhase;
			buildActionMask = 2147483647;
			files = (
				DBF548A22930D85C00F039F2 /* Preview Assets.xcassets in Resources */,
				DBF5489F2930D85C00F039F2 /* Assets.xcassets in Resources */,
			);
			runOnlyForDeploymentPostprocessing = 0;
		};
		DBF548A52930D85C00F039F2 /* Resources */ = {
			isa = PBXResourcesBuildPhase;
			buildActionMask = 2147483647;
			files = (
			);
			runOnlyForDeploymentPostprocessing = 0;
		};
		DBF548AF2930D85C00F039F2 /* Resources */ = {
			isa = PBXResourcesBuildPhase;
			buildActionMask = 2147483647;
			files = (
			);
			runOnlyForDeploymentPostprocessing = 0;
		};
/* End PBXResourcesBuildPhase section */

/* Begin PBXSourcesBuildPhase section */
		DBF5486B2930D85B00F039F2 /* Sources */ = {
			isa = PBXSourcesBuildPhase;
			buildActionMask = 2147483647;
			files = (
				DBF548752930D85B00F039F2 /* ContentView.swift in Sources */,
				DBF548732930D85B00F039F2 /* WatchAppApp.swift in Sources */,
			);
			runOnlyForDeploymentPostprocessing = 0;
		};
		DBF5487B2930D85C00F039F2 /* Sources */ = {
			isa = PBXSourcesBuildPhase;
			buildActionMask = 2147483647;
			files = (
				DBF548842930D85C00F039F2 /* WatchAppTests.swift in Sources */,
			);
			runOnlyForDeploymentPostprocessing = 0;
		};
		DBF548852930D85C00F039F2 /* Sources */ = {
			isa = PBXSourcesBuildPhase;
			buildActionMask = 2147483647;
			files = (
				DBF548902930D85C00F039F2 /* WatchAppUITestsLaunchTests.swift in Sources */,
				DBF5488E2930D85C00F039F2 /* WatchAppUITests.swift in Sources */,
			);
			runOnlyForDeploymentPostprocessing = 0;
		};
		DBF548912930D85C00F039F2 /* Sources */ = {
			isa = PBXSourcesBuildPhase;
			buildActionMask = 2147483647;
			files = (
				DBF5489D2930D85C00F039F2 /* ContentView.swift in Sources */,
				DBF5489B2930D85C00F039F2 /* WatchAppApp.swift in Sources */,
			);
			runOnlyForDeploymentPostprocessing = 0;
		};
		DBF548A32930D85C00F039F2 /* Sources */ = {
			isa = PBXSourcesBuildPhase;
			buildActionMask = 2147483647;
			files = (
				DBF548AC2930D85C00F039F2 /* WatchApp_Watch_AppTests.swift in Sources */,
			);
			runOnlyForDeploymentPostprocessing = 0;
		};
		DBF548AD2930D85C00F039F2 /* Sources */ = {
			isa = PBXSourcesBuildPhase;
			buildActionMask = 2147483647;
			files = (
				DBF548B82930D85C00F039F2 /* WatchApp_Watch_AppUITestsLaunchTests.swift in Sources */,
				DBF548B62930D85C00F039F2 /* WatchApp_Watch_AppUITests.swift in Sources */,
			);
			runOnlyForDeploymentPostprocessing = 0;
		};
/* End PBXSourcesBuildPhase section */

/* Begin PBXTargetDependency section */
		DBF548812930D85C00F039F2 /* PBXTargetDependency */ = {
			isa = PBXTargetDependency;
			target = DBF5486E2930D85B00F039F2 /* WatchApp */;
			targetProxy = DBF548802930D85C00F039F2 /* PBXContainerItemProxy */;
		};
		DBF5488B2930D85C00F039F2 /* PBXTargetDependency */ = {
			isa = PBXTargetDependency;
			target = DBF5486E2930D85B00F039F2 /* WatchApp */;
			targetProxy = DBF5488A2930D85C00F039F2 /* PBXContainerItemProxy */;
		};
		DBF548982930D85C00F039F2 /* PBXTargetDependency */ = {
			isa = PBXTargetDependency;
			target = DBF548942930D85C00F039F2 /* WatchApp Watch App */;
			targetProxy = DBF548972930D85C00F039F2 /* PBXContainerItemProxy */;
		};
		DBF548A92930D85C00F039F2 /* PBXTargetDependency */ = {
			isa = PBXTargetDependency;
			target = DBF548942930D85C00F039F2 /* WatchApp Watch App */;
			targetProxy = DBF548A82930D85C00F039F2 /* PBXContainerItemProxy */;
		};
		DBF548B32930D85C00F039F2 /* PBXTargetDependency */ = {
			isa = PBXTargetDependency;
			target = DBF548942930D85C00F039F2 /* WatchApp Watch App */;
			targetProxy = DBF548B22930D85C00F039F2 /* PBXContainerItemProxy */;
		};
/* End PBXTargetDependency section */

/* Begin XCBuildConfiguration section */
		DBF548B92930D85C00F039F2 /* Debug */ = {
			isa = XCBuildConfiguration;
			buildSettings = {
				ALWAYS_SEARCH_USER_PATHS = NO;
				CLANG_ANALYZER_NONNULL = YES;
				CLANG_ANALYZER_NUMBER_OBJECT_CONVERSION = YES_AGGRESSIVE;
				CLANG_CXX_LANGUAGE_STANDARD = "gnu++20";
				CLANG_ENABLE_MODULES = YES;
				CLANG_ENABLE_OBJC_ARC = YES;
				CLANG_ENABLE_OBJC_WEAK = YES;
				CLANG_WARN_BLOCK_CAPTURE_AUTORELEASING = YES;
				CLANG_WARN_BOOL_CONVERSION = YES;
				CLANG_WARN_COMMA = YES;
				CLANG_WARN_CONSTANT_CONVERSION = YES;
				CLANG_WARN_DEPRECATED_OBJC_IMPLEMENTATIONS = YES;
				CLANG_WARN_DIRECT_OBJC_ISA_USAGE = YES_ERROR;
				CLANG_WARN_DOCUMENTATION_COMMENTS = YES;
				CLANG_WARN_EMPTY_BODY = YES;
				CLANG_WARN_ENUM_CONVERSION = YES;
				CLANG_WARN_INFINITE_RECURSION = YES;
				CLANG_WARN_INT_CONVERSION = YES;
				CLANG_WARN_NON_LITERAL_NULL_CONVERSION = YES;
				CLANG_WARN_OBJC_IMPLICIT_RETAIN_SELF = YES;
				CLANG_WARN_OBJC_LITERAL_CONVERSION = YES;
				CLANG_WARN_OBJC_ROOT_CLASS = YES_ERROR;
				CLANG_WARN_QUOTED_INCLUDE_IN_FRAMEWORK_HEADER = YES;
				CLANG_WARN_RANGE_LOOP_ANALYSIS = YES;
				CLANG_WARN_STRICT_PROTOTYPES = YES;
				CLANG_WARN_SUSPICIOUS_MOVE = YES;
				CLANG_WARN_UNGUARDED_AVAILABILITY = YES_AGGRESSIVE;
				CLANG_WARN_UNREACHABLE_CODE = YES;
				CLANG_WARN__DUPLICATE_METHOD_MATCH = YES;
				COPY_PHASE_STRIP = NO;
				DEBUG_INFORMATION_FORMAT = dwarf;
				ENABLE_STRICT_OBJC_MSGSEND = YES;
				ENABLE_TESTABILITY = YES;
				GCC_C_LANGUAGE_STANDARD = gnu11;
				GCC_DYNAMIC_NO_PIC = NO;
				GCC_NO_COMMON_BLOCKS = YES;
				GCC_OPTIMIZATION_LEVEL = 0;
				GCC_PREPROCESSOR_DEFINITIONS = (
					"DEBUG=1",
					"$(inherited)",
				);
				GCC_WARN_64_TO_32_BIT_CONVERSION = YES;
				GCC_WARN_ABOUT_RETURN_TYPE = YES_ERROR;
				GCC_WARN_UNDECLARED_SELECTOR = YES;
				GCC_WARN_UNINITIALIZED_AUTOS = YES_AGGRESSIVE;
				GCC_WARN_UNUSED_FUNCTION = YES;
				GCC_WARN_UNUSED_VARIABLE = YES;
				MTL_ENABLE_DEBUG_INFO = INCLUDE_SOURCE;
				MTL_FAST_MATH = YES;
				ONLY_ACTIVE_ARCH = YES;
				SWIFT_ACTIVE_COMPILATION_CONDITIONS = DEBUG;
				SWIFT_OPTIMIZATION_LEVEL = "-Onone";
			};
			name = Debug;
		};
		DBF548BA2930D85C00F039F2 /* Release */ = {
			isa = XCBuildConfiguration;
			buildSettings = {
				ALWAYS_SEARCH_USER_PATHS = NO;
				CLANG_ANALYZER_NONNULL = YES;
				CLANG_ANALYZER_NUMBER_OBJECT_CONVERSION = YES_AGGRESSIVE;
				CLANG_CXX_LANGUAGE_STANDARD = "gnu++20";
				CLANG_ENABLE_MODULES = YES;
				CLANG_ENABLE_OBJC_ARC = YES;
				CLANG_ENABLE_OBJC_WEAK = YES;
				CLANG_WARN_BLOCK_CAPTURE_AUTORELEASING = YES;
				CLANG_WARN_BOOL_CONVERSION = YES;
				CLANG_WARN_COMMA = YES;
				CLANG_WARN_CONSTANT_CONVERSION = YES;
				CLANG_WARN_DEPRECATED_OBJC_IMPLEMENTATIONS = YES;
				CLANG_WARN_DIRECT_OBJC_ISA_USAGE = YES_ERROR;
				CLANG_WARN_DOCUMENTATION_COMMENTS = YES;
				CLANG_WARN_EMPTY_BODY = YES;
				CLANG_WARN_ENUM_CONVERSION = YES;
				CLANG_WARN_INFINITE_RECURSION = YES;
				CLANG_WARN_INT_CONVERSION = YES;
				CLANG_WARN_NON_LITERAL_NULL_CONVERSION = YES;
				CLANG_WARN_OBJC_IMPLICIT_RETAIN_SELF = YES;
				CLANG_WARN_OBJC_LITERAL_CONVERSION = YES;
				CLANG_WARN_OBJC_ROOT_CLASS = YES_ERROR;
				CLANG_WARN_QUOTED_INCLUDE_IN_FRAMEWORK_HEADER = YES;
				CLANG_WARN_RANGE_LOOP_ANALYSIS = YES;
				CLANG_WARN_STRICT_PROTOTYPES = YES;
				CLANG_WARN_SUSPICIOUS_MOVE = YES;
				CLANG_WARN_UNGUARDED_AVAILABILITY = YES_AGGRESSIVE;
				CLANG_WARN_UNREACHABLE_CODE = YES;
				CLANG_WARN__DUPLICATE_METHOD_MATCH = YES;
				COPY_PHASE_STRIP = NO;
				DEBUG_INFORMATION_FORMAT = "dwarf-with-dsym";
				ENABLE_NS_ASSERTIONS = NO;
				ENABLE_STRICT_OBJC_MSGSEND = YES;
				GCC_C_LANGUAGE_STANDARD = gnu11;
				GCC_NO_COMMON_BLOCKS = YES;
				GCC_WARN_64_TO_32_BIT_CONVERSION = YES;
				GCC_WARN_ABOUT_RETURN_TYPE = YES_ERROR;
				GCC_WARN_UNDECLARED_SELECTOR = YES;
				GCC_WARN_UNINITIALIZED_AUTOS = YES_AGGRESSIVE;
				GCC_WARN_UNUSED_FUNCTION = YES;
				GCC_WARN_UNUSED_VARIABLE = YES;
				MTL_ENABLE_DEBUG_INFO = NO;
				MTL_FAST_MATH = YES;
				SWIFT_COMPILATION_MODE = wholemodule;
				SWIFT_OPTIMIZATION_LEVEL = "-O";
			};
			name = Release;
		};
		DBF548BC2930D85C00F039F2 /* Debug */ = {
			isa = XCBuildConfiguration;
			buildSettings = {
				ASSETCATALOG_COMPILER_APPICON_NAME = AppIcon;
				ASSETCATALOG_COMPILER_GLOBAL_ACCENT_COLOR_NAME = AccentColor;
				CODE_SIGN_STYLE = Automatic;
				CURRENT_PROJECT_VERSION = 1;
				DEVELOPMENT_ASSET_PATHS = "\"WatchApp Watch App/Preview Content\"";
				DEVELOPMENT_TEAM = PMDCTLPM83;
				ENABLE_PREVIEWS = YES;
				GENERATE_INFOPLIST_FILE = YES;
				INFOPLIST_KEY_CFBundleDisplayName = WatchApp;
				INFOPLIST_KEY_UISupportedInterfaceOrientations = "UIInterfaceOrientationPortrait UIInterfaceOrientationPortraitUpsideDown";
				INFOPLIST_KEY_WKCompanionAppBundleIdentifier = com.appx.watchapp.WatchApp;
				LD_RUNPATH_SEARCH_PATHS = (
					"$(inherited)",
					"@executable_path/Frameworks",
				);
				MARKETING_VERSION = 1.0;
				PRODUCT_BUNDLE_IDENTIFIER = com.appx.watchapp.WatchApp.watchkitapp;
				PRODUCT_NAME = "$(TARGET_NAME)";
				SDKROOT = watchos;
				SKIP_INSTALL = YES;
				SWIFT_EMIT_LOC_STRINGS = YES;
				SWIFT_VERSION = 5.0;
				TARGETED_DEVICE_FAMILY = 4;
				WATCHOS_DEPLOYMENT_TARGET = 9.1;
			};
			name = Debug;
		};
		DBF548BD2930D85C00F039F2 /* Release */ = {
			isa = XCBuildConfiguration;
			buildSettings = {
				ASSETCATALOG_COMPILER_APPICON_NAME = AppIcon;
				ASSETCATALOG_COMPILER_GLOBAL_ACCENT_COLOR_NAME = AccentColor;
				CODE_SIGN_STYLE = Automatic;
				CURRENT_PROJECT_VERSION = 1;
				DEVELOPMENT_ASSET_PATHS = "\"WatchApp Watch App/Preview Content\"";
				DEVELOPMENT_TEAM = PMDCTLPM83;
				ENABLE_PREVIEWS = YES;
				GENERATE_INFOPLIST_FILE = YES;
				INFOPLIST_KEY_CFBundleDisplayName = WatchApp;
				INFOPLIST_KEY_UISupportedInterfaceOrientations = "UIInterfaceOrientationPortrait UIInterfaceOrientationPortraitUpsideDown";
				INFOPLIST_KEY_WKCompanionAppBundleIdentifier = com.appx.watchapp.WatchApp;
				LD_RUNPATH_SEARCH_PATHS = (
					"$(inherited)",
					"@executable_path/Frameworks",
				);
				MARKETING_VERSION = 1.0;
				PRODUCT_BUNDLE_IDENTIFIER = com.appx.watchapp.WatchApp.watchkitapp;
				PRODUCT_NAME = "$(TARGET_NAME)";
				SDKROOT = watchos;
				SKIP_INSTALL = YES;
				SWIFT_EMIT_LOC_STRINGS = YES;
				SWIFT_VERSION = 5.0;
				TARGETED_DEVICE_FAMILY = 4;
				VALIDATE_PRODUCT = YES;
				WATCHOS_DEPLOYMENT_TARGET = 9.1;
			};
			name = Release;
		};
		DBF548C02930D85C00F039F2 /* Debug */ = {
			isa = XCBuildConfiguration;
			buildSettings = {
				ALWAYS_EMBED_SWIFT_STANDARD_LIBRARIES = YES;
				ASSETCATALOG_COMPILER_APPICON_NAME = AppIcon;
				ASSETCATALOG_COMPILER_GLOBAL_ACCENT_COLOR_NAME = AccentColor;
				CODE_SIGN_STYLE = Automatic;
				CURRENT_PROJECT_VERSION = 1;
				DEVELOPMENT_ASSET_PATHS = "\"WatchApp/Preview Content\"";
				DEVELOPMENT_TEAM = PMDCTLPM83;
				ENABLE_PREVIEWS = YES;
				GENERATE_INFOPLIST_FILE = YES;
				INFOPLIST_KEY_CFBundleDisplayName = WatchApp;
				INFOPLIST_KEY_UIApplicationSceneManifest_Generation = YES;
				INFOPLIST_KEY_UIApplicationSupportsIndirectInputEvents = YES;
				INFOPLIST_KEY_UILaunchScreen_Generation = YES;
				INFOPLIST_KEY_UISupportedInterfaceOrientations_iPad = "UIInterfaceOrientationPortrait UIInterfaceOrientationPortraitUpsideDown UIInterfaceOrientationLandscapeLeft UIInterfaceOrientationLandscapeRight";
				INFOPLIST_KEY_UISupportedInterfaceOrientations_iPhone = "UIInterfaceOrientationPortrait UIInterfaceOrientationLandscapeLeft UIInterfaceOrientationLandscapeRight";
				IPHONEOS_DEPLOYMENT_TARGET = 16.1;
				LD_RUNPATH_SEARCH_PATHS = (
					"$(inherited)",
					"@executable_path/Frameworks",
				);
				MARKETING_VERSION = 1.0;
				PRODUCT_BUNDLE_IDENTIFIER = com.appx.watchapp.WatchApp;
				PRODUCT_NAME = "$(TARGET_NAME)";
				SDKROOT = iphoneos;
				SWIFT_EMIT_LOC_STRINGS = YES;
				SWIFT_VERSION = 5.0;
				TARGETED_DEVICE_FAMILY = "1,2";
			};
			name = Debug;
		};
		DBF548C12930D85C00F039F2 /* Release */ = {
			isa = XCBuildConfiguration;
			buildSettings = {
				ALWAYS_EMBED_SWIFT_STANDARD_LIBRARIES = YES;
				ASSETCATALOG_COMPILER_APPICON_NAME = AppIcon;
				ASSETCATALOG_COMPILER_GLOBAL_ACCENT_COLOR_NAME = AccentColor;
				CODE_SIGN_STYLE = Automatic;
				CURRENT_PROJECT_VERSION = 1;
				DEVELOPMENT_ASSET_PATHS = "\"WatchApp/Preview Content\"";
				DEVELOPMENT_TEAM = PMDCTLPM83;
				ENABLE_PREVIEWS = YES;
				GENERATE_INFOPLIST_FILE = YES;
				INFOPLIST_KEY_CFBundleDisplayName = WatchApp;
				INFOPLIST_KEY_UIApplicationSceneManifest_Generation = YES;
				INFOPLIST_KEY_UIApplicationSupportsIndirectInputEvents = YES;
				INFOPLIST_KEY_UILaunchScreen_Generation = YES;
				INFOPLIST_KEY_UISupportedInterfaceOrientations_iPad = "UIInterfaceOrientationPortrait UIInterfaceOrientationPortraitUpsideDown UIInterfaceOrientationLandscapeLeft UIInterfaceOrientationLandscapeRight";
				INFOPLIST_KEY_UISupportedInterfaceOrientations_iPhone = "UIInterfaceOrientationPortrait UIInterfaceOrientationLandscapeLeft UIInterfaceOrientationLandscapeRight";
				IPHONEOS_DEPLOYMENT_TARGET = 16.1;
				LD_RUNPATH_SEARCH_PATHS = (
					"$(inherited)",
					"@executable_path/Frameworks",
				);
				MARKETING_VERSION = 1.0;
				PRODUCT_BUNDLE_IDENTIFIER = com.appx.watchapp.WatchApp;
				PRODUCT_NAME = "$(TARGET_NAME)";
				SDKROOT = iphoneos;
				SWIFT_EMIT_LOC_STRINGS = YES;
				SWIFT_VERSION = 5.0;
				TARGETED_DEVICE_FAMILY = "1,2";
				VALIDATE_PRODUCT = YES;
			};
			name = Release;
		};
		DBF548C32930D85C00F039F2 /* Debug */ = {
			isa = XCBuildConfiguration;
			buildSettings = {
				ALWAYS_EMBED_SWIFT_STANDARD_LIBRARIES = YES;
				BUNDLE_LOADER = "$(TEST_HOST)";
				CODE_SIGN_STYLE = Automatic;
				CURRENT_PROJECT_VERSION = 1;
				DEVELOPMENT_TEAM = PMDCTLPM83;
				GENERATE_INFOPLIST_FILE = YES;
				IPHONEOS_DEPLOYMENT_TARGET = 16.1;
				MARKETING_VERSION = 1.0;
				PRODUCT_BUNDLE_IDENTIFIER = com.appx.watchapp.WatchAppTests;
				PRODUCT_NAME = "$(TARGET_NAME)";
				SDKROOT = iphoneos;
				SWIFT_EMIT_LOC_STRINGS = NO;
				SWIFT_VERSION = 5.0;
				TARGETED_DEVICE_FAMILY = "1,2";
				TEST_HOST = "$(BUILT_PRODUCTS_DIR)/WatchApp.app/$(BUNDLE_EXECUTABLE_FOLDER_PATH)/WatchApp";
			};
			name = Debug;
		};
		DBF548C42930D85C00F039F2 /* Release */ = {
			isa = XCBuildConfiguration;
			buildSettings = {
				ALWAYS_EMBED_SWIFT_STANDARD_LIBRARIES = YES;
				BUNDLE_LOADER = "$(TEST_HOST)";
				CODE_SIGN_STYLE = Automatic;
				CURRENT_PROJECT_VERSION = 1;
				DEVELOPMENT_TEAM = PMDCTLPM83;
				GENERATE_INFOPLIST_FILE = YES;
				IPHONEOS_DEPLOYMENT_TARGET = 16.1;
				MARKETING_VERSION = 1.0;
				PRODUCT_BUNDLE_IDENTIFIER = com.appx.watchapp.WatchAppTests;
				PRODUCT_NAME = "$(TARGET_NAME)";
				SDKROOT = iphoneos;
				SWIFT_EMIT_LOC_STRINGS = NO;
				SWIFT_VERSION = 5.0;
				TARGETED_DEVICE_FAMILY = "1,2";
				TEST_HOST = "$(BUILT_PRODUCTS_DIR)/WatchApp.app/$(BUNDLE_EXECUTABLE_FOLDER_PATH)/WatchApp";
				VALIDATE_PRODUCT = YES;
			};
			name = Release;
		};
		DBF548C62930D85C00F039F2 /* Debug */ = {
			isa = XCBuildConfiguration;
			buildSettings = {
				ALWAYS_EMBED_SWIFT_STANDARD_LIBRARIES = YES;
				CODE_SIGN_STYLE = Automatic;
				CURRENT_PROJECT_VERSION = 1;
				DEVELOPMENT_TEAM = PMDCTLPM83;
				GENERATE_INFOPLIST_FILE = YES;
				IPHONEOS_DEPLOYMENT_TARGET = 16.1;
				MARKETING_VERSION = 1.0;
				PRODUCT_BUNDLE_IDENTIFIER = com.appx.watchapp.WatchAppUITests;
				PRODUCT_NAME = "$(TARGET_NAME)";
				SDKROOT = iphoneos;
				SWIFT_EMIT_LOC_STRINGS = NO;
				SWIFT_VERSION = 5.0;
				TARGETED_DEVICE_FAMILY = "1,2";
				TEST_TARGET_NAME = WatchApp;
			};
			name = Debug;
		};
		DBF548C72930D85C00F039F2 /* Release */ = {
			isa = XCBuildConfiguration;
			buildSettings = {
				ALWAYS_EMBED_SWIFT_STANDARD_LIBRARIES = YES;
				CODE_SIGN_STYLE = Automatic;
				CURRENT_PROJECT_VERSION = 1;
				DEVELOPMENT_TEAM = PMDCTLPM83;
				GENERATE_INFOPLIST_FILE = YES;
				IPHONEOS_DEPLOYMENT_TARGET = 16.1;
				MARKETING_VERSION = 1.0;
				PRODUCT_BUNDLE_IDENTIFIER = com.appx.watchapp.WatchAppUITests;
				PRODUCT_NAME = "$(TARGET_NAME)";
				SDKROOT = iphoneos;
				SWIFT_EMIT_LOC_STRINGS = NO;
				SWIFT_VERSION = 5.0;
				TARGETED_DEVICE_FAMILY = "1,2";
				TEST_TARGET_NAME = WatchApp;
				VALIDATE_PRODUCT = YES;
			};
			name = Release;
		};
		DBF548C92930D85C00F039F2 /* Debug */ = {
			isa = XCBuildConfiguration;
			buildSettings = {
				ALWAYS_EMBED_SWIFT_STANDARD_LIBRARIES = YES;
				BUNDLE_LOADER = "$(TEST_HOST)";
				CODE_SIGN_STYLE = Automatic;
				CURRENT_PROJECT_VERSION = 1;
				DEVELOPMENT_TEAM = PMDCTLPM83;
				GENERATE_INFOPLIST_FILE = YES;
				MARKETING_VERSION = 1.0;
				PRODUCT_BUNDLE_IDENTIFIER = "com.appx.watchapp.WatchApp-Watch-AppTests";
				PRODUCT_NAME = "$(TARGET_NAME)";
				SDKROOT = watchos;
				SWIFT_EMIT_LOC_STRINGS = NO;
				SWIFT_VERSION = 5.0;
				TARGETED_DEVICE_FAMILY = 4;
				TEST_HOST = "$(BUILT_PRODUCTS_DIR)/WatchApp Watch App.app/$(BUNDLE_EXECUTABLE_FOLDER_PATH)/WatchApp Watch App";
				WATCHOS_DEPLOYMENT_TARGET = 9.1;
			};
			name = Debug;
		};
		DBF548CA2930D85C00F039F2 /* Release */ = {
			isa = XCBuildConfiguration;
			buildSettings = {
				ALWAYS_EMBED_SWIFT_STANDARD_LIBRARIES = YES;
				BUNDLE_LOADER = "$(TEST_HOST)";
				CODE_SIGN_STYLE = Automatic;
				CURRENT_PROJECT_VERSION = 1;
				DEVELOPMENT_TEAM = PMDCTLPM83;
				GENERATE_INFOPLIST_FILE = YES;
				MARKETING_VERSION = 1.0;
				PRODUCT_BUNDLE_IDENTIFIER = "com.appx.watchapp.WatchApp-Watch-AppTests";
				PRODUCT_NAME = "$(TARGET_NAME)";
				SDKROOT = watchos;
				SWIFT_EMIT_LOC_STRINGS = NO;
				SWIFT_VERSION = 5.0;
				TARGETED_DEVICE_FAMILY = 4;
				TEST_HOST = "$(BUILT_PRODUCTS_DIR)/WatchApp Watch App.app/$(BUNDLE_EXECUTABLE_FOLDER_PATH)/WatchApp Watch App";
				VALIDATE_PRODUCT = YES;
				WATCHOS_DEPLOYMENT_TARGET = 9.1;
			};
			name = Release;
		};
		DBF548CC2930D85C00F039F2 /* Debug */ = {
			isa = XCBuildConfiguration;
			buildSettings = {
				ALWAYS_EMBED_SWIFT_STANDARD_LIBRARIES = YES;
				CODE_SIGN_STYLE = Automatic;
				CURRENT_PROJECT_VERSION = 1;
				DEVELOPMENT_TEAM = PMDCTLPM83;
				GENERATE_INFOPLIST_FILE = YES;
				MARKETING_VERSION = 1.0;
				PRODUCT_BUNDLE_IDENTIFIER = "com.appx.watchapp.WatchApp-Watch-AppUITests";
				PRODUCT_NAME = "$(TARGET_NAME)";
				SDKROOT = watchos;
				SWIFT_EMIT_LOC_STRINGS = NO;
				SWIFT_VERSION = 5.0;
				TARGETED_DEVICE_FAMILY = 4;
				TEST_TARGET_NAME = "WatchApp Watch App";
				WATCHOS_DEPLOYMENT_TARGET = 9.1;
			};
			name = Debug;
		};
		DBF548CD2930D85C00F039F2 /* Release */ = {
			isa = XCBuildConfiguration;
			buildSettings = {
				ALWAYS_EMBED_SWIFT_STANDARD_LIBRARIES = YES;
				CODE_SIGN_STYLE = Automatic;
				CURRENT_PROJECT_VERSION = 1;
				DEVELOPMENT_TEAM = PMDCTLPM83;
				GENERATE_INFOPLIST_FILE = YES;
				MARKETING_VERSION = 1.0;
				PRODUCT_BUNDLE_IDENTIFIER = "com.appx.watchapp.WatchApp-Watch-AppUITests";
				PRODUCT_NAME = "$(TARGET_NAME)";
				SDKROOT = watchos;
				SWIFT_EMIT_LOC_STRINGS = NO;
				SWIFT_VERSION = 5.0;
				TARGETED_DEVICE_FAMILY = 4;
				TEST_TARGET_NAME = "WatchApp Watch App";
				VALIDATE_PRODUCT = YES;
				WATCHOS_DEPLOYMENT_TARGET = 9.1;
			};
			name = Release;
		};
/* End XCBuildConfiguration section */

/* Begin XCConfigurationList section */
		DBF5486A2930D85B00F039F2 /* Build configuration list for PBXProject "WatchApp" */ = {
			isa = XCConfigurationList;
			buildConfigurations = (
				DBF548B92930D85C00F039F2 /* Debug */,
				DBF548BA2930D85C00F039F2 /* Release */,
			);
			defaultConfigurationIsVisible = 0;
			defaultConfigurationName = Release;
		};
		DBF548BB2930D85C00F039F2 /* Build configuration list for PBXNativeTarget "WatchApp Watch App" */ = {
			isa = XCConfigurationList;
			buildConfigurations = (
				DBF548BC2930D85C00F039F2 /* Debug */,
				DBF548BD2930D85C00F039F2 /* Release */,
			);
			defaultConfigurationIsVisible = 0;
			defaultConfigurationName = Release;
		};
		DBF548BF2930D85C00F039F2 /* Build configuration list for PBXNativeTarget "WatchApp" */ = {
			isa = XCConfigurationList;
			buildConfigurations = (
				DBF548C02930D85C00F039F2 /* Debug */,
				DBF548C12930D85C00F039F2 /* Release */,
			);
			defaultConfigurationIsVisible = 0;
			defaultConfigurationName = Release;
		};
		DBF548C22930D85C00F039F2 /* Build configuration list for PBXNativeTarget "WatchAppTests" */ = {
			isa = XCConfigurationList;
			buildConfigurations = (
				DBF548C32930D85C00F039F2 /* Debug */,
				DBF548C42930D85C00F039F2 /* Release */,
			);
			defaultConfigurationIsVisible = 0;
			defaultConfigurationName = Release;
		};
		DBF548C52930D85C00F039F2 /* Build configuration list for PBXNativeTarget "WatchAppUITests" */ = {
			isa = XCConfigurationList;
			buildConfigurations = (
				DBF548C62930D85C00F039F2 /* Debug */,
				DBF548C72930D85C00F039F2 /* Release */,
			);
			defaultConfigurationIsVisible = 0;
			defaultConfigurationName = Release;
		};
		DBF548C82930D85C00F039F2 /* Build configuration list for PBXNativeTarget "WatchApp Watch AppTests" */ = {
			isa = XCConfigurationList;
			buildConfigurations = (
				DBF548C92930D85C00F039F2 /* Debug */,
				DBF548CA2930D85C00F039F2 /* Release */,
			);
			defaultConfigurationIsVisible = 0;
			defaultConfigurationName = Release;
		};
		DBF548CB2930D85C00F039F2 /* Build configuration list for PBXNativeTarget "WatchApp Watch AppUITests" */ = {
			isa = XCConfigurationList;
			buildConfigurations = (
				DBF548CC2930D85C00F039F2 /* Debug */,
				DBF548CD2930D85C00F039F2 /* Release */,
			);
			defaultConfigurationIsVisible = 0;
			defaultConfigurationName = Release;
		};
/* End XCConfigurationList section */
	};
	rootObject = DBF548672930D85B00F039F2 /* Project object */;
}
